{
  "nodes": {
    "dirtsamples": {
      "flake": false,
      "locked": {
        "lastModified": 1667426233,
        "narHash": "sha256-Zl2bi9QofcrhU63eMtg+R6lhV9ExQS/0XNTJ+oq65Uo=",
        "owner": "tidalcycles",
        "repo": "dirt-samples",
        "rev": "92f2145e661b397e62ca0ff3965819e7c7db0dad",
        "type": "github"
      },
      "original": {
        "owner": "tidalcycles",
        "repo": "dirt-samples",
        "type": "github"
      }
    },
    "drumachines": {
      "flake": false,
      "locked": {
        "lastModified": 1696368873,
        "narHash": "sha256-A0TCkQFXXNKRVhG6sQJPieH61htPUaRCKHsmnU8hYhE=",
        "owner": "geikha",
        "repo": "tidal-drum-machines",
        "rev": "32e58da21ed26cef36df6642d0e964803106605f",
        "type": "github"
      },
      "original": {
        "owner": "geikha",
        "repo": "tidal-drum-machines",
        "type": "github"
      }
    },
    "flake-utils": {
      "inputs": {
        "systems": "systems"
      },
      "locked": {
        "lastModified": 1694529238,
        "narHash": "sha256-zsNZZGTGnMOf9YpHKJqMSsa0dXbfmxeoJ7xHlrt+xmY=",
        "owner": "numtide",
        "repo": "flake-utils",
        "rev": "ff7b65b44d01cf9ba6a71320833626af21126384",
        "type": "github"
      },
      "original": {
        "owner": "numtide",
        "repo": "flake-utils",
        "type": "github"
      }
    },
    "mraethel": {
      "flake": false,
      "locked": {
        "lastModified": 1693518889,
        "narHash": "sha256-5qUN6iTM58A+Ff7zUBFhv+rID5ualbIILcc98pNr/eo=",
        "owner": "mraethel",
        "repo": "mraethel.quark",
        "rev": "b33e903c50501bcf9e3be12c8debf70a65d6c5fb",
        "type": "github"
      },
      "original": {
        "owner": "mraethel",
        "repo": "mraethel.quark",
        "type": "github"
      }
    },
    "nixpkgs": {
      "locked": {
        "lastModified": 1697059129,
        "narHash": "sha256-9NJcFF9CEYPvHJ5ckE8kvINvI84SZZ87PvqMbH6pro0=",
        "owner": "NixOS",
        "repo": "nixpkgs",
        "rev": "5e4c2ada4fcd54b99d56d7bd62f384511a7e2593",
        "type": "github"
      },
      "original": {
        "owner": "NixOS",
        "ref": "nixos-unstable",
        "repo": "nixpkgs",
        "type": "github"
      }
    },
    "root": {
      "inputs": {
        "dirtsamples": "dirtsamples",
        "drumachines": "drumachines",
        "flake-utils": "flake-utils",
        "mraethel": "mraethel",
        "nixpkgs": "nixpkgs",
        "supercollider": "supercollider",
        "superdirt": "superdirt",
        "vowel": "vowel"
      }
    },
    "supercollider": {
      "flake": false,
      "locked": {
        "lastModified": 1692775892,
        "narHash": "sha256-ZhiR7FWMxjcfBuFnv1HLsJdsba2lxPOH7LxGVHw0K7s=",
        "ref": "topic/pass-multiple-sclang-configurations",
        "rev": "f030f814e95f60a4ed7f874686c235ca396488ea",
        "revCount": 25912,
        "submodules": true,
        "type": "git",
        "url": "https://github.com/mraethel/supercollider"
      },
      "original": {
        "ref": "topic/pass-multiple-sclang-configurations",
        "submodules": true,
        "type": "git",
        "url": "https://github.com/mraethel/supercollider"
      }
    },
    "superdirt": {
      "flake": false,
      "locked": {
        "lastModified": 1697010260,
        "narHash": "sha256-D9EeBx94xP24CoNQKmu0gYaVplBkqb7KWcW3+5Ed+8Y=",
        "owner": "musikinformatik",
        "repo": "superdirt",
        "rev": "3b1f8729bcc20a0318db8e55c5a01eabe1613d42",
        "type": "github"
      },
      "original": {
        "owner": "musikinformatik",
        "repo": "superdirt",
        "type": "github"
      }
    },
    "systems": {
      "locked": {
        "lastModified": 1681028828,
        "narHash": "sha256-Vy1rq5AaRuLzOxct8nz4T6wlgyUR7zLU309k9mBC768=",
        "owner": "nix-systems",
        "repo": "default",
        "rev": "da67096a3b9bf56a91d16901293e51ba5b49a27e",
        "type": "github"
      },
      "original": {
        "owner": "nix-systems",
        "repo": "default",
        "type": "github"
      }
    },
    "vowel": {
      "flake": false,
      "locked": {
        "lastModified": 1641306144,
        "narHash": "sha256-zfF6cvAGDNYWYsE8dOIo38b+dIymd17Pexg0HiPFbxM=",
        "owner": "supercollider-quarks",
        "repo": "vowel",
        "rev": "ab59caa870201ecf2604b3efdd2196e21a8b5446",
        "type": "github"
      },
      "original": {
        "owner": "supercollider-quarks",
        "repo": "vowel",
        "type": "github"
      }
    }
  },
  "root": "root",
  "version": 7
}
